// !$*UTF8*$!
{
	archiveVersion = 1;
	classes = {
	};
	objectVersion = 50;
	objects = {

/* Begin PBXBuildFile section */
		74ECA1D824D6752F0024A6DF /* AppDelegate.swift in Sources */ = {isa = PBXBuildFile; fileRef = 74ECA1D724D6752F0024A6DF /* AppDelegate.swift */; };
		74ECA1DA24D6752F0024A6DF /* SceneDelegate.swift in Sources */ = {isa = PBXBuildFile; fileRef = 74ECA1D924D6752F0024A6DF /* SceneDelegate.swift */; };
		74ECA1DC24D6752F0024A6DF /* ContentView.swift in Sources */ = {isa = PBXBuildFile; fileRef = 74ECA1DB24D6752F0024A6DF /* ContentView.swift */; };
		74ECA1DE24D675300024A6DF /* Assets.xcassets in Resources */ = {isa = PBXBuildFile; fileRef = 74ECA1DD24D675300024A6DF /* Assets.xcassets */; };
		74ECA1E124D675300024A6DF /* Preview Assets.xcassets in Resources */ = {isa = PBXBuildFile; fileRef = 74ECA1E024D675300024A6DF /* Preview Assets.xcassets */; };
		74ECA1E424D675300024A6DF /* LaunchScreen.storyboard in Resources */ = {isa = PBXBuildFile; fileRef = 74ECA1E224D675300024A6DF /* LaunchScreen.storyboard */; };
		74ECA1EC24D678370024A6DF /* View+Extension.swift in Sources */ = {isa = PBXBuildFile; fileRef = 74ECA1EB24D678370024A6DF /* View+Extension.swift */; };
		74ECA1F124D6785F0024A6DF /* Model.swift in Sources */ = {isa = PBXBuildFile; fileRef = 74ECA1F024D6785F0024A6DF /* Model.swift */; };
		74ECA1F324D678970024A6DF /* CustomViewPresenter.swift in Sources */ = {isa = PBXBuildFile; fileRef = 74ECA1F224D678970024A6DF /* CustomViewPresenter.swift */; };
/* End PBXBuildFile section */

/* Begin PBXFileReference section */
		74ECA1D424D6752F0024A6DF /* Custom View Presenter.app */ = {isa = PBXFileReference; explicitFileType = wrapper.application; includeInIndex = 0; path = "Custom View Presenter.app"; sourceTree = BUILT_PRODUCTS_DIR; };
		74ECA1D724D6752F0024A6DF /* AppDelegate.swift */ = {isa = PBXFileReference; lastKnownFileType = sourcecode.swift; path = AppDelegate.swift; sourceTree = "<group>"; };
		74ECA1D924D6752F0024A6DF /* SceneDelegate.swift */ = {isa = PBXFileReference; lastKnownFileType = sourcecode.swift; path = SceneDelegate.swift; sourceTree = "<group>"; };
		74ECA1DB24D6752F0024A6DF /* ContentView.swift */ = {isa = PBXFileReference; lastKnownFileType = sourcecode.swift; path = ContentView.swift; sourceTree = "<group>"; };
		74ECA1DD24D675300024A6DF /* Assets.xcassets */ = {isa = PBXFileReference; lastKnownFileType = folder.assetcatalog; path = Assets.xcassets; sourceTree = "<group>"; };
		74ECA1E024D675300024A6DF /* Preview Assets.xcassets */ = {isa = PBXFileReference; lastKnownFileType = folder.assetcatalog; path = "Preview Assets.xcassets"; sourceTree = "<group>"; };
		74ECA1E324D675300024A6DF /* Base */ = {isa = PBXFileReference; lastKnownFileType = file.storyboard; name = Base; path = Base.lproj/LaunchScreen.storyboard; sourceTree = "<group>"; };
		74ECA1E524D675300024A6DF /* Info.plist */ = {isa = PBXFileReference; lastKnownFileType = text.plist.xml; path = Info.plist; sourceTree = "<group>"; };
		74ECA1EB24D678370024A6DF /* View+Extension.swift */ = {isa = PBXFileReference; lastKnownFileType = sourcecode.swift; path = "View+Extension.swift"; sourceTree = "<group>"; };
		74ECA1F024D6785F0024A6DF /* Model.swift */ = {isa = PBXFileReference; lastKnownFileType = sourcecode.swift; path = Model.swift; sourceTree = "<group>"; };
		74ECA1F224D678970024A6DF /* CustomViewPresenter.swift */ = {isa = PBXFileReference; lastKnownFileType = sourcecode.swift; path = CustomViewPresenter.swift; sourceTree = "<group>"; };
/* End PBXFileReference section */

/* Begin PBXFrameworksBuildPhase section */
		74ECA1D124D6752F0024A6DF /* Frameworks */ = {
			isa = PBXFrameworksBuildPhase;
			buildActionMask = 2147483647;
			files = (
			);
			runOnlyForDeploymentPostprocessing = 0;
		};
/* End PBXFrameworksBuildPhase section */

/* Begin PBXGroup section */
		74ECA1CB24D6752F0024A6DF = {
			isa = PBXGroup;
			children = (
				74ECA1D624D6752F0024A6DF /* Custom View Presenter */,
				74ECA1D524D6752F0024A6DF /* Products */,
			);
			sourceTree = "<group>";
		};
		74ECA1D524D6752F0024A6DF /* Products */ = {
			isa = PBXGroup;
			children = (
				74ECA1D424D6752F0024A6DF /* Custom View Presenter.app */,
			);
			name = Products;
			sourceTree = "<group>";
		};
		74ECA1D624D6752F0024A6DF /* Custom View Presenter */ = {
			isa = PBXGroup;
			children = (
				74ECA1D724D6752F0024A6DF /* AppDelegate.swift */,
				74ECA1D924D6752F0024A6DF /* SceneDelegate.swift */,
				74ECA1ED24D6783C0024A6DF /* Extension */,
				74ECA1EF24D678540024A6DF /* Model */,
				74ECA1EE24D6784C0024A6DF /* View */,
				74ECA1DD24D675300024A6DF /* Assets.xcassets */,
				74ECA1E224D675300024A6DF /* LaunchScreen.storyboard */,
				74ECA1E524D675300024A6DF /* Info.plist */,
				74ECA1DF24D675300024A6DF /* Preview Content */,
			);
			path = "Custom View Presenter";
			sourceTree = "<group>";
		};
		74ECA1DF24D675300024A6DF /* Preview Content */ = {
			isa = PBXGroup;
			children = (
				74ECA1E024D675300024A6DF /* Preview Assets.xcassets */,
			);
			path = "Preview Content";
			sourceTree = "<group>";
		};
		74ECA1ED24D6783C0024A6DF /* Extension */ = {
			isa = PBXGroup;
			children = (
				74ECA1EB24D678370024A6DF /* View+Extension.swift */,
			);
			path = Extension;
			sourceTree = "<group>";
		};
		74ECA1EE24D6784C0024A6DF /* View */ = {
			isa = PBXGroup;
			children = (
				74ECA1DB24D6752F0024A6DF /* ContentView.swift */,
				74ECA1F224D678970024A6DF /* CustomViewPresenter.swift */,
			);
			path = View;
			sourceTree = "<group>";
		};
		74ECA1EF24D678540024A6DF /* Model */ = {
			isa = PBXGroup;
			children = (
				74ECA1F024D6785F0024A6DF /* Model.swift */,
			);
			path = Model;
			sourceTree = "<group>";
		};
/* End PBXGroup section */

/* Begin PBXNativeTarget section */
		74ECA1D324D6752F0024A6DF /* Custom View Presenter */ = {
			isa = PBXNativeTarget;
			buildConfigurationList = 74ECA1E824D675300024A6DF /* Build configuration list for PBXNativeTarget "Custom View Presenter" */;
			buildPhases = (
				74ECA1D024D6752F0024A6DF /* Sources */,
				74ECA1D124D6752F0024A6DF /* Frameworks */,
				74ECA1D224D6752F0024A6DF /* Resources */,
			);
			buildRules = (
			);
			dependencies = (
			);
			name = "Custom View Presenter";
			productName = "Custom View Presenter";
			productReference = 74ECA1D424D6752F0024A6DF /* Custom View Presenter.app */;
			productType = "com.apple.product-type.application";
		};
/* End PBXNativeTarget section */

/* Begin PBXProject section */
		74ECA1CC24D6752F0024A6DF /* Project object */ = {
			isa = PBXProject;
			attributes = {
				LastSwiftUpdateCheck = 1160;
				LastUpgradeCheck = 1160;
				ORGANIZATIONNAME = "Dmitry Novosyolov";
				TargetAttributes = {
					74ECA1D324D6752F0024A6DF = {
						CreatedOnToolsVersion = 11.6;
					};
				};
			};
			buildConfigurationList = 74ECA1CF24D6752F0024A6DF /* Build configuration list for PBXProject "Custom View Presenter" */;
			compatibilityVersion = "Xcode 9.3";
			developmentRegion = en;
			hasScannedForEncodings = 0;
			knownRegions = (
				en,
				Base,
			);
			mainGroup = 74ECA1CB24D6752F0024A6DF;
			productRefGroup = 74ECA1D524D6752F0024A6DF /* Products */;
			projectDirPath = "";
			projectRoot = "";
			targets = (
				74ECA1D324D6752F0024A6DF /* Custom View Presenter */,
			);
		};
/* End PBXProject section */

/* Begin PBXResourcesBuildPhase section */
		74ECA1D224D6752F0024A6DF /* Resources */ = {
			isa = PBXResourcesBuildPhase;
			buildActionMask = 2147483647;
			files = (
				74ECA1E424D675300024A6DF /* LaunchScreen.storyboard in Resources */,
				74ECA1E124D675300024A6DF /* Preview Assets.xcassets in Resources */,
				74ECA1DE24D675300024A6DF /* Assets.xcassets in Resources */,
			);
			runOnlyForDeploymentPostprocessing = 0;
		};
/* End PBXResourcesBuildPhase section */

/* Begin PBXSourcesBuildPhase section */
		74ECA1D024D6752F0024A6DF /* Sources */ = {
			isa = PBXSourcesBuildPhase;
			buildActionMask = 2147483647;
			files = (
				74ECA1F124D6785F0024A6DF /* Model.swift in Sources */,
				74ECA1D824D6752F0024A6DF /* AppDelegate.swift in Sources */,
				74ECA1DA24D6752F0024A6DF /* SceneDelegate.swift in Sources */,
				74ECA1EC24D678370024A6DF /* View+Extension.swift in Sources */,
				74ECA1F324D678970024A6DF /* CustomViewPresenter.swift in Sources */,
				74ECA1DC24D6752F0024A6DF /* ContentView.swift in Sources */,
			);
			runOnlyForDeploymentPostprocessing = 0;
		};
/* End PBXSourcesBuildPhase section */

/* Begin PBXVariantGroup section */
		74ECA1E224D675300024A6DF /* LaunchScreen.storyboard */ = {
			isa = PBXVariantGroup;
			children = (
				74ECA1E324D675300024A6DF /* Base */,
			);
			name = LaunchScreen.storyboard;
			sourceTree = "<group>";
		};
/* End PBXVariantGroup section */

/* Begin XCBuildConfiguration section */
		74ECA1E624D675300024A6DF /* Debug */ = {
			isa = XCBuildConfiguration;
			buildSettings = {
				ALWAYS_SEARCH_USER_PATHS = NO;
				CLANG_ANALYZER_NONNULL = YES;
				CLANG_ANALYZER_NUMBER_OBJECT_CONVERSION = YES_AGGRESSIVE;
				CLANG_CXX_LANGUAGE_STANDARD = "gnu++14";
				CLANG_CXX_LIBRARY = "libc++";
				CLANG_ENABLE_MODULES = YES;
				CLANG_ENABLE_OBJC_ARC = YES;
				CLANG_ENABLE_OBJC_WEAK = YES;
				CLANG_WARN_BLOCK_CAPTURE_AUTORELEASING = YES;
				CLANG_WARN_BOOL_CONVERSION = YES;
				CLANG_WARN_COMMA = YES;
				CLANG_WARN_CONSTANT_CONVERSION = YES;
				CLANG_WARN_DEPRECATED_OBJC_IMPLEMENTATIONS = YES;
				CLANG_WARN_DIRECT_OBJC_ISA_USAGE = YES_ERROR;
				CLANG_WARN_DOCUMENTATION_COMMENTS = YES;
				CLANG_WARN_EMPTY_BODY = YES;
				CLANG_WARN_ENUM_CONVERSION = YES;
				CLANG_WARN_INFINITE_RECURSION = YES;
				CLANG_WARN_INT_CONVERSION = YES;
				CLANG_WARN_NON_LITERAL_NULL_CONVERSION = YES;
				CLANG_WARN_OBJC_IMPLICIT_RETAIN_SELF = YES;
				CLANG_WARN_OBJC_LITERAL_CONVERSION = YES;
				CLANG_WARN_OBJC_ROOT_CLASS = YES_ERROR;
				CLANG_WARN_RANGE_LOOP_ANALYSIS = YES;
				CLANG_WARN_STRICT_PROTOTYPES = YES;
				CLANG_WARN_SUSPICIOUS_MOVE = YES;
				CLANG_WARN_UNGUARDED_AVAILABILITY = YES_AGGRESSIVE;
				CLANG_WARN_UNREACHABLE_CODE = YES;
				CLANG_WARN__DUPLICATE_METHOD_MATCH = YES;
				COPY_PHASE_STRIP = NO;
				DEBUG_INFORMATION_FORMAT = dwarf;
				ENABLE_STRICT_OBJC_MSGSEND = YES;
				ENABLE_TESTABILITY = YES;
				GCC_C_LANGUAGE_STANDARD = gnu11;
				GCC_DYNAMIC_NO_PIC = NO;
				GCC_NO_COMMON_BLOCKS = YES;
				GCC_OPTIMIZATION_LEVEL = 0;
				GCC_PREPROCESSOR_DEFINITIONS = (
					"DEBUG=1",
					"$(inherited)",
				);
				GCC_WARN_64_TO_32_BIT_CONVERSION = YES;
				GCC_WARN_ABOUT_RETURN_TYPE = YES_ERROR;
				GCC_WARN_UNDECLARED_SELECTOR = YES;
				GCC_WARN_UNINITIALIZED_AUTOS = YES_AGGRESSIVE;
				GCC_WARN_UNUSED_FUNCTION = YES;
				GCC_WARN_UNUSED_VARIABLE = YES;
				IPHONEOS_DEPLOYMENT_TARGET = 13.6;
				MTL_ENABLE_DEBUG_INFO = INCLUDE_SOURCE;
				MTL_FAST_MATH = YES;
				ONLY_ACTIVE_ARCH = YES;
				SDKROOT = iphoneos;
				SWIFT_ACTIVE_COMPILATION_CONDITIONS = DEBUG;
				SWIFT_OPTIMIZATION_LEVEL = "-Onone";
			};
			name = Debug;
		};
		74ECA1E724D675300024A6DF /* Release */ = {
			isa = XCBuildConfiguration;
			buildSettings = {
				ALWAYS_SEARCH_USER_PATHS = NO;
				CLANG_ANALYZER_NONNULL = YES;
				CLANG_ANALYZER_NUMBER_OBJECT_CONVERSION = YES_AGGRESSIVE;
				CLANG_CXX_LANGUAGE_STANDARD = "gnu++14";
				CLANG_CXX_LIBRARY = "libc++";
				CLANG_ENABLE_MODULES = YES;
				CLANG_ENABLE_OBJC_ARC = YES;
				CLANG_ENABLE_OBJC_WEAK = YES;
				CLANG_WARN_BLOCK_CAPTURE_AUTORELEASING = YES;
				CLANG_WARN_BOOL_CONVERSION = YES;
				CLANG_WARN_COMMA = YES;
				CLANG_WARN_CONSTANT_CONVERSION = YES;
				CLANG_WARN_DEPRECATED_OBJC_IMPLEMENTATIONS = YES;
				CLANG_WARN_DIRECT_OBJC_ISA_USAGE = YES_ERROR;
				CLANG_WARN_DOCUMENTATION_COMMENTS = YES;
				CLANG_WARN_EMPTY_BODY = YES;
				CLANG_WARN_ENUM_CONVERSION = YES;
				CLANG_WARN_INFINITE_RECURSION = YES;
				CLANG_WARN_INT_CONVERSION = YES;
				CLANG_WARN_NON_LITERAL_NULL_CONVERSION = YES;
				CLANG_WARN_OBJC_IMPLICIT_RETAIN_SELF = YES;
				CLANG_WARN_OBJC_LITERAL_CONVERSION = YES;
				CLANG_WARN_OBJC_ROOT_CLASS = YES_ERROR;
				CLANG_WARN_RANGE_LOOP_ANALYSIS = YES;
				CLANG_WARN_STRICT_PROTOTYPES = YES;
				CLANG_WARN_SUSPICIOUS_MOVE = YES;
				CLANG_WARN_UNGUARDED_AVAILABILITY = YES_AGGRESSIVE;
				CLANG_WARN_UNREACHABLE_CODE = YES;
				CLANG_WARN__DUPLICATE_METHOD_MATCH = YES;
				COPY_PHASE_STRIP = NO;
				DEBUG_INFORMATION_FORMAT = "dwarf-with-dsym";
				ENABLE_NS_ASSERTIONS = NO;
				ENABLE_STRICT_OBJC_MSGSEND = YES;
				GCC_C_LANGUAGE_STANDARD = gnu11;
				GCC_NO_COMMON_BLOCKS = YES;
				GCC_WARN_64_TO_32_BIT_CONVERSION = YES;
				GCC_WARN_ABOUT_RETURN_TYPE = YES_ERROR;
				GCC_WARN_UNDECLARED_SELECTOR = YES;
				GCC_WARN_UNINITIALIZED_AUTOS = YES_AGGRESSIVE;
				GCC_WARN_UNUSED_FUNCTION = YES;
				GCC_WARN_UNUSED_VARIABLE = YES;
				IPHONEOS_DEPLOYMENT_TARGET = 13.6;
				MTL_ENABLE_DEBUG_INFO = NO;
				MTL_FAST_MATH = YES;
				SDKROOT = iphoneos;
				SWIFT_COMPILATION_MODE = wholemodule;
				SWIFT_OPTIMIZATION_LEVEL = "-O";
				VALIDATE_PRODUCT = YES;
			};
			name = Release;
		};
		74ECA1E924D675300024A6DF /* Debug */ = {
			isa = XCBuildConfiguration;
			buildSettings = {
				ASSETCATALOG_COMPILER_APPICON_NAME = AppIcon;
				CODE_SIGN_STYLE = Automatic;
				DEVELOPMENT_ASSET_PATHS = "\"Custom View Presenter/Preview Content\"";
				DEVELOPMENT_TEAM = 3LF677RTA3;
				ENABLE_PREVIEWS = YES;
				INFOPLIST_FILE = "Custom View Presenter/Info.plist";
				LD_RUNPATH_SEARCH_PATHS = (
					"$(inherited)",
					"@executable_path/Frameworks",
				);
				PRODUCT_BUNDLE_IDENTIFIER = "com.DimNovo.Custom-View-Presenter";
				PRODUCT_NAME = "$(TARGET_NAME)";
				SWIFT_VERSION = 5.0;
				TARGETED_DEVICE_FAMILY = "1,2";
			};
			name = Debug;
		};
		74ECA1EA24D675300024A6DF /* Release */ = {
			isa = XCBuildConfiguration;
			buildSettings = {
				ASSETCATALOG_COMPILER_APPICON_NAME = AppIcon;
				CODE_SIGN_STYLE = Automatic;
				DEVELOPMENT_ASSET_PATHS = "\"Custom View Presenter/Preview Content\"";
				DEVELOPMENT_TEAM = 3LF677RTA3;
				ENABLE_PREVIEWS = YES;
				INFOPLIST_FILE = "Custom View Presenter/Info.plist";
				LD_RUNPATH_SEARCH_PATHS = (
					"$(inherited)",
					"@executable_path/Frameworks",
				);
				PRODUCT_BUNDLE_IDENTIFIER = "com.DimNovo.Custom-View-Presenter";
				PRODUCT_NAME = "$(TARGET_NAME)";
				SWIFT_VERSION = 5.0;
				TARGETED_DEVICE_FAMILY = "1,2";
			};
			name = Release;
		};
/* End XCBuildConfiguration section */

/* Begin XCConfigurationList section */
		74ECA1CF24D6752F0024A6DF /* Build configuration list for PBXProject "Custom View Presenter" */ = {
			isa = XCConfigurationList;
			buildConfigurations = (
				74ECA1E624D675300024A6DF /* Debug */,
				74ECA1E724D675300024A6DF /* Release */,
			);
			defaultConfigurationIsVisible = 0;
			defaultConfigurationName = Release;
		};
		74ECA1E824D675300024A6DF /* Build configuration list for PBXNativeTarget "Custom View Presenter" */ = {
			isa = XCConfigurationList;
			buildConfigurations = (
				74ECA1E924D675300024A6DF /* Debug */,
				74ECA1EA24D675300024A6DF /* Release */,
			);
			defaultConfigurationIsVisible = 0;
			defaultConfigurationName = Release;
		};
/* End XCConfigurationList section */
	};
	rootObject = 74ECA1CC24D6752F0024A6DF /* Project object */;
}
